// !$*UTF8*$!
{
	archiveVersion = 1;
	classes = {
	};
	objectVersion = 55;
	objects = {

/* Begin PBXBuildFile section */
		E9B47AEB28C0D0F700C5543F /* UITableView.swift in Sources */ = {isa = PBXBuildFile; fileRef = E9B47AEA28C0D0F700C5543F /* UITableView.swift */; };
		E9B47AEF28C0E72A00C5543F /* MessageViewModel.swift in Sources */ = {isa = PBXBuildFile; fileRef = E9B47AEE28C0E72A00C5543F /* MessageViewModel.swift */; };
		E9D0128F28BF450000F82EA2 /* AppDelegate.swift in Sources */ = {isa = PBXBuildFile; fileRef = E9D0128E28BF450000F82EA2 /* AppDelegate.swift */; };
		E9D0129128BF450000F82EA2 /* SceneDelegate.swift in Sources */ = {isa = PBXBuildFile; fileRef = E9D0129028BF450000F82EA2 /* SceneDelegate.swift */; };
		E9D0129628BF450000F82EA2 /* Main.storyboard in Resources */ = {isa = PBXBuildFile; fileRef = E9D0129428BF450000F82EA2 /* Main.storyboard */; };
		E9D0129828BF450100F82EA2 /* Assets.xcassets in Resources */ = {isa = PBXBuildFile; fileRef = E9D0129728BF450100F82EA2 /* Assets.xcassets */; };
		E9D0129B28BF450100F82EA2 /* LaunchScreen.storyboard in Resources */ = {isa = PBXBuildFile; fileRef = E9D0129928BF450100F82EA2 /* LaunchScreen.storyboard */; };
		E9D012A628BF450100F82EA2 /* GeneralCellDesignTests.swift in Sources */ = {isa = PBXBuildFile; fileRef = E9D012A528BF450100F82EA2 /* GeneralCellDesignTests.swift */; };
		E9D012B028BF450100F82EA2 /* GeneralCellDesignUITests.swift in Sources */ = {isa = PBXBuildFile; fileRef = E9D012AF28BF450100F82EA2 /* GeneralCellDesignUITests.swift */; };
		E9D012B228BF450100F82EA2 /* GeneralCellDesignUITestsLaunchTests.swift in Sources */ = {isa = PBXBuildFile; fileRef = E9D012B128BF450100F82EA2 /* GeneralCellDesignUITestsLaunchTests.swift */; };
		E9D012C328BF46F200F82EA2 /* MessageViewController.swift in Sources */ = {isa = PBXBuildFile; fileRef = E9D012C228BF46F200F82EA2 /* MessageViewController.swift */; };
		E9D012C828BF477E00F82EA2 /* IncomingTVCELL.swift in Sources */ = {isa = PBXBuildFile; fileRef = E9D012C628BF477E00F82EA2 /* IncomingTVCELL.swift */; };
		E9D012C928BF477E00F82EA2 /* IncomingTVCELL.xib in Resources */ = {isa = PBXBuildFile; fileRef = E9D012C728BF477E00F82EA2 /* IncomingTVCELL.xib */; };
		E9D012CC28BF479900F82EA2 /* OutgoingTVCELL.swift in Sources */ = {isa = PBXBuildFile; fileRef = E9D012CA28BF479900F82EA2 /* OutgoingTVCELL.swift */; };
		E9D012CD28BF479900F82EA2 /* OutgoingTVCELL.xib in Resources */ = {isa = PBXBuildFile; fileRef = E9D012CB28BF479900F82EA2 /* OutgoingTVCELL.xib */; };
		E9D012D028BF4DEF00F82EA2 /* Message.swift in Sources */ = {isa = PBXBuildFile; fileRef = E9D012CF28BF4DEF00F82EA2 /* Message.swift */; };
		E9F2E6B728C1E87B00E4FAF3 /* MessageCellDelegate.swift in Sources */ = {isa = PBXBuildFile; fileRef = E9F2E6B628C1E87B00E4FAF3 /* MessageCellDelegate.swift */; };
		E9F2E6B928C1EC7100E4FAF3 /* NSObject.swift in Sources */ = {isa = PBXBuildFile; fileRef = E9F2E6B828C1EC7100E4FAF3 /* NSObject.swift */; };
		E9F2E6BB28C208F500E4FAF3 /* MessageBaseTVCell.swift in Sources */ = {isa = PBXBuildFile; fileRef = E9F2E6BA28C208F500E4FAF3 /* MessageBaseTVCell.swift */; };
/* End PBXBuildFile section */

/* Begin PBXContainerItemProxy section */
		E9D012A228BF450100F82EA2 /* PBXContainerItemProxy */ = {
			isa = PBXContainerItemProxy;
			containerPortal = E9D0128328BF44FF00F82EA2 /* Project object */;
			proxyType = 1;
			remoteGlobalIDString = E9D0128A28BF450000F82EA2;
			remoteInfo = GeneralCellDesign;
		};
		E9D012AC28BF450100F82EA2 /* PBXContainerItemProxy */ = {
			isa = PBXContainerItemProxy;
			containerPortal = E9D0128328BF44FF00F82EA2 /* Project object */;
			proxyType = 1;
			remoteGlobalIDString = E9D0128A28BF450000F82EA2;
			remoteInfo = GeneralCellDesign;
		};
/* End PBXContainerItemProxy section */

/* Begin PBXFileReference section */
		E9B47AEA28C0D0F700C5543F /* UITableView.swift */ = {isa = PBXFileReference; lastKnownFileType = sourcecode.swift; path = UITableView.swift; sourceTree = "<group>"; };
		E9B47AEE28C0E72A00C5543F /* MessageViewModel.swift */ = {isa = PBXFileReference; lastKnownFileType = sourcecode.swift; path = MessageViewModel.swift; sourceTree = "<group>"; };
		E9D0128B28BF450000F82EA2 /* GeneralCellDesign.app */ = {isa = PBXFileReference; explicitFileType = wrapper.application; includeInIndex = 0; path = GeneralCellDesign.app; sourceTree = BUILT_PRODUCTS_DIR; };
		E9D0128E28BF450000F82EA2 /* AppDelegate.swift */ = {isa = PBXFileReference; lastKnownFileType = sourcecode.swift; path = AppDelegate.swift; sourceTree = "<group>"; };
		E9D0129028BF450000F82EA2 /* SceneDelegate.swift */ = {isa = PBXFileReference; lastKnownFileType = sourcecode.swift; path = SceneDelegate.swift; sourceTree = "<group>"; };
		E9D0129528BF450000F82EA2 /* Base */ = {isa = PBXFileReference; lastKnownFileType = file.storyboard; name = Base; path = Base.lproj/Main.storyboard; sourceTree = "<group>"; };
		E9D0129728BF450100F82EA2 /* Assets.xcassets */ = {isa = PBXFileReference; lastKnownFileType = folder.assetcatalog; path = Assets.xcassets; sourceTree = "<group>"; };
		E9D0129A28BF450100F82EA2 /* Base */ = {isa = PBXFileReference; lastKnownFileType = file.storyboard; name = Base; path = Base.lproj/LaunchScreen.storyboard; sourceTree = "<group>"; };
		E9D0129C28BF450100F82EA2 /* Info.plist */ = {isa = PBXFileReference; lastKnownFileType = text.plist.xml; path = Info.plist; sourceTree = "<group>"; };
		E9D012A128BF450100F82EA2 /* GeneralCellDesignTests.xctest */ = {isa = PBXFileReference; explicitFileType = wrapper.cfbundle; includeInIndex = 0; path = GeneralCellDesignTests.xctest; sourceTree = BUILT_PRODUCTS_DIR; };
		E9D012A528BF450100F82EA2 /* GeneralCellDesignTests.swift */ = {isa = PBXFileReference; lastKnownFileType = sourcecode.swift; path = GeneralCellDesignTests.swift; sourceTree = "<group>"; };
		E9D012AB28BF450100F82EA2 /* GeneralCellDesignUITests.xctest */ = {isa = PBXFileReference; explicitFileType = wrapper.cfbundle; includeInIndex = 0; path = GeneralCellDesignUITests.xctest; sourceTree = BUILT_PRODUCTS_DIR; };
		E9D012AF28BF450100F82EA2 /* GeneralCellDesignUITests.swift */ = {isa = PBXFileReference; lastKnownFileType = sourcecode.swift; path = GeneralCellDesignUITests.swift; sourceTree = "<group>"; };
		E9D012B128BF450100F82EA2 /* GeneralCellDesignUITestsLaunchTests.swift */ = {isa = PBXFileReference; lastKnownFileType = sourcecode.swift; path = GeneralCellDesignUITestsLaunchTests.swift; sourceTree = "<group>"; };
		E9D012C228BF46F200F82EA2 /* MessageViewController.swift */ = {isa = PBXFileReference; lastKnownFileType = sourcecode.swift; path = MessageViewController.swift; sourceTree = "<group>"; };
		E9D012C628BF477E00F82EA2 /* IncomingTVCELL.swift */ = {isa = PBXFileReference; lastKnownFileType = sourcecode.swift; path = IncomingTVCELL.swift; sourceTree = "<group>"; };
		E9D012C728BF477E00F82EA2 /* IncomingTVCELL.xib */ = {isa = PBXFileReference; lastKnownFileType = file.xib; path = IncomingTVCELL.xib; sourceTree = "<group>"; };
		E9D012CA28BF479900F82EA2 /* OutgoingTVCELL.swift */ = {isa = PBXFileReference; lastKnownFileType = sourcecode.swift; path = OutgoingTVCELL.swift; sourceTree = "<group>"; };
		E9D012CB28BF479900F82EA2 /* OutgoingTVCELL.xib */ = {isa = PBXFileReference; lastKnownFileType = file.xib; path = OutgoingTVCELL.xib; sourceTree = "<group>"; };
		E9D012CF28BF4DEF00F82EA2 /* Message.swift */ = {isa = PBXFileReference; lastKnownFileType = sourcecode.swift; path = Message.swift; sourceTree = "<group>"; };
		E9F2E6B628C1E87B00E4FAF3 /* MessageCellDelegate.swift */ = {isa = PBXFileReference; lastKnownFileType = sourcecode.swift; path = MessageCellDelegate.swift; sourceTree = "<group>"; };
		E9F2E6B828C1EC7100E4FAF3 /* NSObject.swift */ = {isa = PBXFileReference; lastKnownFileType = sourcecode.swift; path = NSObject.swift; sourceTree = "<group>"; };
		E9F2E6BA28C208F500E4FAF3 /* MessageBaseTVCell.swift */ = {isa = PBXFileReference; lastKnownFileType = sourcecode.swift; path = MessageBaseTVCell.swift; sourceTree = "<group>"; };
/* End PBXFileReference section */

/* Begin PBXFrameworksBuildPhase section */
		E9D0128828BF450000F82EA2 /* Frameworks */ = {
			isa = PBXFrameworksBuildPhase;
			buildActionMask = 2147483647;
			files = (
			);
			runOnlyForDeploymentPostprocessing = 0;
		};
		E9D0129E28BF450100F82EA2 /* Frameworks */ = {
			isa = PBXFrameworksBuildPhase;
			buildActionMask = 2147483647;
			files = (
			);
			runOnlyForDeploymentPostprocessing = 0;
		};
		E9D012A828BF450100F82EA2 /* Frameworks */ = {
			isa = PBXFrameworksBuildPhase;
			buildActionMask = 2147483647;
			files = (
			);
			runOnlyForDeploymentPostprocessing = 0;
		};
/* End PBXFrameworksBuildPhase section */

/* Begin PBXGroup section */
		E9B47AE928C0D0E300C5543F /* Extension */ = {
			isa = PBXGroup;
			children = (
				E9B47AEA28C0D0F700C5543F /* UITableView.swift */,
				E9F2E6B828C1EC7100E4FAF3 /* NSObject.swift */,
			);
			path = Extension;
			sourceTree = "<group>";
		};
		E9B47AEC28C0E6E500C5543F /* Views */ = {
			isa = PBXGroup;
			children = (
				E9D012C228BF46F200F82EA2 /* MessageViewController.swift */,
			);
			path = Views;
			sourceTree = "<group>";
		};
		E9B47AED28C0E6EF00C5543F /* ViewModels */ = {
			isa = PBXGroup;
			children = (
				E9B47AEE28C0E72A00C5543F /* MessageViewModel.swift */,
			);
			path = ViewModels;
			sourceTree = "<group>";
		};
		E9D0128228BF44FF00F82EA2 = {
			isa = PBXGroup;
			children = (
				E9D0128D28BF450000F82EA2 /* GeneralCellDesign */,
				E9D012A428BF450100F82EA2 /* GeneralCellDesignTests */,
				E9D012AE28BF450100F82EA2 /* GeneralCellDesignUITests */,
				E9D0128C28BF450000F82EA2 /* Products */,
			);
			sourceTree = "<group>";
		};
		E9D0128C28BF450000F82EA2 /* Products */ = {
			isa = PBXGroup;
			children = (
				E9D0128B28BF450000F82EA2 /* GeneralCellDesign.app */,
				E9D012A128BF450100F82EA2 /* GeneralCellDesignTests.xctest */,
				E9D012AB28BF450100F82EA2 /* GeneralCellDesignUITests.xctest */,
			);
			name = Products;
			sourceTree = "<group>";
		};
		E9D0128D28BF450000F82EA2 /* GeneralCellDesign */ = {
			isa = PBXGroup;
			children = (
				E9D012BF28BF451E00F82EA2 /* App */,
				E9B47AE928C0D0E300C5543F /* Extension */,
				E9D012CE28BF4DA700F82EA2 /* Model */,
				E9F2E6B528C1E85100E4FAF3 /* Delegate */,
				E9D012C128BF456A00F82EA2 /* Scenes */,
				E9D012BE28BF450A00F82EA2 /* Cells */,
				E9B47AEC28C0E6E500C5543F /* Views */,
				E9B47AED28C0E6EF00C5543F /* ViewModels */,
				E9D0129728BF450100F82EA2 /* Assets.xcassets */,
				E9D0129C28BF450100F82EA2 /* Info.plist */,
			);
			path = GeneralCellDesign;
			sourceTree = "<group>";
		};
		E9D012A428BF450100F82EA2 /* GeneralCellDesignTests */ = {
			isa = PBXGroup;
			children = (
				E9D012A528BF450100F82EA2 /* GeneralCellDesignTests.swift */,
			);
			path = GeneralCellDesignTests;
			sourceTree = "<group>";
		};
		E9D012AE28BF450100F82EA2 /* GeneralCellDesignUITests */ = {
			isa = PBXGroup;
			children = (
				E9D012AF28BF450100F82EA2 /* GeneralCellDesignUITests.swift */,
				E9D012B128BF450100F82EA2 /* GeneralCellDesignUITestsLaunchTests.swift */,
			);
			path = GeneralCellDesignUITests;
			sourceTree = "<group>";
		};
		E9D012BE28BF450A00F82EA2 /* Cells */ = {
			isa = PBXGroup;
			children = (
				E9D012C528BF475800F82EA2 /* Outgoing */,
				E9D012C428BF474B00F82EA2 /* Incoming */,
				E9F2E6BA28C208F500E4FAF3 /* MessageBaseTVCell.swift */,
			);
			path = Cells;
			sourceTree = "<group>";
		};
		E9D012BF28BF451E00F82EA2 /* App */ = {
			isa = PBXGroup;
			children = (
				E9D0128E28BF450000F82EA2 /* AppDelegate.swift */,
				E9D0129028BF450000F82EA2 /* SceneDelegate.swift */,
			);
			path = App;
			sourceTree = "<group>";
		};
		E9D012C128BF456A00F82EA2 /* Scenes */ = {
			isa = PBXGroup;
			children = (
				E9D0129928BF450100F82EA2 /* LaunchScreen.storyboard */,
				E9D0129428BF450000F82EA2 /* Main.storyboard */,
			);
			path = Scenes;
			sourceTree = "<group>";
		};
		E9D012C428BF474B00F82EA2 /* Incoming */ = {
			isa = PBXGroup;
			children = (
				E9D012C628BF477E00F82EA2 /* IncomingTVCELL.swift */,
				E9D012C728BF477E00F82EA2 /* IncomingTVCELL.xib */,
			);
			path = Incoming;
			sourceTree = "<group>";
		};
		E9D012C528BF475800F82EA2 /* Outgoing */ = {
			isa = PBXGroup;
			children = (
				E9D012CA28BF479900F82EA2 /* OutgoingTVCELL.swift */,
				E9D012CB28BF479900F82EA2 /* OutgoingTVCELL.xib */,
			);
			path = Outgoing;
			sourceTree = "<group>";
		};
		E9D012CE28BF4DA700F82EA2 /* Model */ = {
			isa = PBXGroup;
			children = (
				E9D012CF28BF4DEF00F82EA2 /* Message.swift */,
			);
			path = Model;
			sourceTree = "<group>";
		};
		E9F2E6B528C1E85100E4FAF3 /* Delegate */ = {
			isa = PBXGroup;
			children = (
				E9F2E6B628C1E87B00E4FAF3 /* MessageCellDelegate.swift */,
			);
			path = Delegate;
			sourceTree = "<group>";
		};
/* End PBXGroup section */

/* Begin PBXNativeTarget section */
		E9D0128A28BF450000F82EA2 /* GeneralCellDesign */ = {
			isa = PBXNativeTarget;
			buildConfigurationList = E9D012B528BF450100F82EA2 /* Build configuration list for PBXNativeTarget "GeneralCellDesign" */;
			buildPhases = (
				E9D0128728BF450000F82EA2 /* Sources */,
				E9D0128828BF450000F82EA2 /* Frameworks */,
				E9D0128928BF450000F82EA2 /* Resources */,
			);
			buildRules = (
			);
			dependencies = (
			);
			name = GeneralCellDesign;
			productName = GeneralCellDesign;
			productReference = E9D0128B28BF450000F82EA2 /* GeneralCellDesign.app */;
			productType = "com.apple.product-type.application";
		};
		E9D012A028BF450100F82EA2 /* GeneralCellDesignTests */ = {
			isa = PBXNativeTarget;
			buildConfigurationList = E9D012B828BF450100F82EA2 /* Build configuration list for PBXNativeTarget "GeneralCellDesignTests" */;
			buildPhases = (
				E9D0129D28BF450100F82EA2 /* Sources */,
				E9D0129E28BF450100F82EA2 /* Frameworks */,
				E9D0129F28BF450100F82EA2 /* Resources */,
			);
			buildRules = (
			);
			dependencies = (
				E9D012A328BF450100F82EA2 /* PBXTargetDependency */,
			);
			name = GeneralCellDesignTests;
			productName = GeneralCellDesignTests;
			productReference = E9D012A128BF450100F82EA2 /* GeneralCellDesignTests.xctest */;
			productType = "com.apple.product-type.bundle.unit-test";
		};
		E9D012AA28BF450100F82EA2 /* GeneralCellDesignUITests */ = {
			isa = PBXNativeTarget;
			buildConfigurationList = E9D012BB28BF450100F82EA2 /* Build configuration list for PBXNativeTarget "GeneralCellDesignUITests" */;
			buildPhases = (
				E9D012A728BF450100F82EA2 /* Sources */,
				E9D012A828BF450100F82EA2 /* Frameworks */,
				E9D012A928BF450100F82EA2 /* Resources */,
			);
			buildRules = (
			);
			dependencies = (
				E9D012AD28BF450100F82EA2 /* PBXTargetDependency */,
			);
			name = GeneralCellDesignUITests;
			productName = GeneralCellDesignUITests;
			productReference = E9D012AB28BF450100F82EA2 /* GeneralCellDesignUITests.xctest */;
			productType = "com.apple.product-type.bundle.ui-testing";
		};
/* End PBXNativeTarget section */

/* Begin PBXProject section */
		E9D0128328BF44FF00F82EA2 /* Project object */ = {
			isa = PBXProject;
			attributes = {
				BuildIndependentTargetsInParallel = 1;
				LastSwiftUpdateCheck = 1330;
				LastUpgradeCheck = 1330;
				TargetAttributes = {
					E9D0128A28BF450000F82EA2 = {
						CreatedOnToolsVersion = 13.3.1;
					};
					E9D012A028BF450100F82EA2 = {
						CreatedOnToolsVersion = 13.3.1;
						TestTargetID = E9D0128A28BF450000F82EA2;
					};
					E9D012AA28BF450100F82EA2 = {
						CreatedOnToolsVersion = 13.3.1;
						TestTargetID = E9D0128A28BF450000F82EA2;
					};
				};
			};
			buildConfigurationList = E9D0128628BF44FF00F82EA2 /* Build configuration list for PBXProject "GeneralCellDesign" */;
			compatibilityVersion = "Xcode 13.0";
			developmentRegion = en;
			hasScannedForEncodings = 0;
			knownRegions = (
				en,
				Base,
			);
			mainGroup = E9D0128228BF44FF00F82EA2;
			productRefGroup = E9D0128C28BF450000F82EA2 /* Products */;
			projectDirPath = "";
			projectRoot = "";
			targets = (
				E9D0128A28BF450000F82EA2 /* GeneralCellDesign */,
				E9D012A028BF450100F82EA2 /* GeneralCellDesignTests */,
				E9D012AA28BF450100F82EA2 /* GeneralCellDesignUITests */,
			);
		};
/* End PBXProject section */

/* Begin PBXResourcesBuildPhase section */
		E9D0128928BF450000F82EA2 /* Resources */ = {
			isa = PBXResourcesBuildPhase;
			buildActionMask = 2147483647;
			files = (
				E9D0129B28BF450100F82EA2 /* LaunchScreen.storyboard in Resources */,
				E9D012CD28BF479900F82EA2 /* OutgoingTVCELL.xib in Resources */,
				E9D012C928BF477E00F82EA2 /* IncomingTVCELL.xib in Resources */,
				E9D0129828BF450100F82EA2 /* Assets.xcassets in Resources */,
				E9D0129628BF450000F82EA2 /* Main.storyboard in Resources */,
			);
			runOnlyForDeploymentPostprocessing = 0;
		};
		E9D0129F28BF450100F82EA2 /* Resources */ = {
			isa = PBXResourcesBuildPhase;
			buildActionMask = 2147483647;
			files = (
			);
			runOnlyForDeploymentPostprocessing = 0;
		};
		E9D012A928BF450100F82EA2 /* Resources */ = {
			isa = PBXResourcesBuildPhase;
			buildActionMask = 2147483647;
			files = (
			);
			runOnlyForDeploymentPostprocessing = 0;
		};
/* End PBXResourcesBuildPhase section */

/* Begin PBXSourcesBuildPhase section */
		E9D0128728BF450000F82EA2 /* Sources */ = {
			isa = PBXSourcesBuildPhase;
			buildActionMask = 2147483647;
			files = (
				E9F2E6B728C1E87B00E4FAF3 /* MessageCellDelegate.swift in Sources */,
				E9F2E6BB28C208F500E4FAF3 /* MessageBaseTVCell.swift in Sources */,
				E9D0128F28BF450000F82EA2 /* AppDelegate.swift in Sources */,
				E9D012C828BF477E00F82EA2 /* IncomingTVCELL.swift in Sources */,
				E9B47AEF28C0E72A00C5543F /* MessageViewModel.swift in Sources */,
				E9D012CC28BF479900F82EA2 /* OutgoingTVCELL.swift in Sources */,
				E9D012D028BF4DEF00F82EA2 /* Message.swift in Sources */,
				E9D012C328BF46F200F82EA2 /* MessageViewController.swift in Sources */,
				E9F2E6B928C1EC7100E4FAF3 /* NSObject.swift in Sources */,
				E9D0129128BF450000F82EA2 /* SceneDelegate.swift in Sources */,
				E9B47AEB28C0D0F700C5543F /* UITableView.swift in Sources */,
			);
			runOnlyForDeploymentPostprocessing = 0;
		};
		E9D0129D28BF450100F82EA2 /* Sources */ = {
			isa = PBXSourcesBuildPhase;
			buildActionMask = 2147483647;
			files = (
				E9D012A628BF450100F82EA2 /* GeneralCellDesignTests.swift in Sources */,
			);
			runOnlyForDeploymentPostprocessing = 0;
		};
		E9D012A728BF450100F82EA2 /* Sources */ = {
			isa = PBXSourcesBuildPhase;
			buildActionMask = 2147483647;
			files = (
				E9D012B028BF450100F82EA2 /* GeneralCellDesignUITests.swift in Sources */,
				E9D012B228BF450100F82EA2 /* GeneralCellDesignUITestsLaunchTests.swift in Sources */,
			);
			runOnlyForDeploymentPostprocessing = 0;
		};
/* End PBXSourcesBuildPhase section */

/* Begin PBXTargetDependency section */
		E9D012A328BF450100F82EA2 /* PBXTargetDependency */ = {
			isa = PBXTargetDependency;
			target = E9D0128A28BF450000F82EA2 /* GeneralCellDesign */;
			targetProxy = E9D012A228BF450100F82EA2 /* PBXContainerItemProxy */;
		};
		E9D012AD28BF450100F82EA2 /* PBXTargetDependency */ = {
			isa = PBXTargetDependency;
			target = E9D0128A28BF450000F82EA2 /* GeneralCellDesign */;
			targetProxy = E9D012AC28BF450100F82EA2 /* PBXContainerItemProxy */;
		};
/* End PBXTargetDependency section */

/* Begin PBXVariantGroup section */
		E9D0129428BF450000F82EA2 /* Main.storyboard */ = {
			isa = PBXVariantGroup;
			children = (
				E9D0129528BF450000F82EA2 /* Base */,
			);
			name = Main.storyboard;
			sourceTree = "<group>";
		};
		E9D0129928BF450100F82EA2 /* LaunchScreen.storyboard */ = {
			isa = PBXVariantGroup;
			children = (
				E9D0129A28BF450100F82EA2 /* Base */,
			);
			name = LaunchScreen.storyboard;
			sourceTree = "<group>";
		};
/* End PBXVariantGroup section */

/* Begin XCBuildConfiguration section */
		E9D012B328BF450100F82EA2 /* Debug */ = {
			isa = XCBuildConfiguration;
			buildSettings = {
				ALWAYS_SEARCH_USER_PATHS = NO;
				CLANG_ANALYZER_NONNULL = YES;
				CLANG_ANALYZER_NUMBER_OBJECT_CONVERSION = YES_AGGRESSIVE;
				CLANG_CXX_LANGUAGE_STANDARD = "gnu++17";
				CLANG_ENABLE_MODULES = YES;
				CLANG_ENABLE_OBJC_ARC = YES;
				CLANG_ENABLE_OBJC_WEAK = YES;
				CLANG_WARN_BLOCK_CAPTURE_AUTORELEASING = YES;
				CLANG_WARN_BOOL_CONVERSION = YES;
				CLANG_WARN_COMMA = YES;
				CLANG_WARN_CONSTANT_CONVERSION = YES;
				CLANG_WARN_DEPRECATED_OBJC_IMPLEMENTATIONS = YES;
				CLANG_WARN_DIRECT_OBJC_ISA_USAGE = YES_ERROR;
				CLANG_WARN_DOCUMENTATION_COMMENTS = YES;
				CLANG_WARN_EMPTY_BODY = YES;
				CLANG_WARN_ENUM_CONVERSION = YES;
				CLANG_WARN_INFINITE_RECURSION = YES;
				CLANG_WARN_INT_CONVERSION = YES;
				CLANG_WARN_NON_LITERAL_NULL_CONVERSION = YES;
				CLANG_WARN_OBJC_IMPLICIT_RETAIN_SELF = YES;
				CLANG_WARN_OBJC_LITERAL_CONVERSION = YES;
				CLANG_WARN_OBJC_ROOT_CLASS = YES_ERROR;
				CLANG_WARN_QUOTED_INCLUDE_IN_FRAMEWORK_HEADER = YES;
				CLANG_WARN_RANGE_LOOP_ANALYSIS = YES;
				CLANG_WARN_STRICT_PROTOTYPES = YES;
				CLANG_WARN_SUSPICIOUS_MOVE = YES;
				CLANG_WARN_UNGUARDED_AVAILABILITY = YES_AGGRESSIVE;
				CLANG_WARN_UNREACHABLE_CODE = YES;
				CLANG_WARN__DUPLICATE_METHOD_MATCH = YES;
				COPY_PHASE_STRIP = NO;
				DEBUG_INFORMATION_FORMAT = dwarf;
				ENABLE_STRICT_OBJC_MSGSEND = YES;
				ENABLE_TESTABILITY = YES;
				GCC_C_LANGUAGE_STANDARD = gnu11;
				GCC_DYNAMIC_NO_PIC = NO;
				GCC_NO_COMMON_BLOCKS = YES;
				GCC_OPTIMIZATION_LEVEL = 0;
				GCC_PREPROCESSOR_DEFINITIONS = (
					"DEBUG=1",
					"$(inherited)",
				);
				GCC_WARN_64_TO_32_BIT_CONVERSION = YES;
				GCC_WARN_ABOUT_RETURN_TYPE = YES_ERROR;
				GCC_WARN_UNDECLARED_SELECTOR = YES;
				GCC_WARN_UNINITIALIZED_AUTOS = YES_AGGRESSIVE;
				GCC_WARN_UNUSED_FUNCTION = YES;
				GCC_WARN_UNUSED_VARIABLE = YES;
				IPHONEOS_DEPLOYMENT_TARGET = 15.4;
				MTL_ENABLE_DEBUG_INFO = INCLUDE_SOURCE;
				MTL_FAST_MATH = YES;
				ONLY_ACTIVE_ARCH = YES;
				SDKROOT = iphoneos;
				SWIFT_ACTIVE_COMPILATION_CONDITIONS = DEBUG;
				SWIFT_OPTIMIZATION_LEVEL = "-Onone";
			};
			name = Debug;
		};
		E9D012B428BF450100F82EA2 /* Release */ = {
			isa = XCBuildConfiguration;
			buildSettings = {
				ALWAYS_SEARCH_USER_PATHS = NO;
				CLANG_ANALYZER_NONNULL = YES;
				CLANG_ANALYZER_NUMBER_OBJECT_CONVERSION = YES_AGGRESSIVE;
				CLANG_CXX_LANGUAGE_STANDARD = "gnu++17";
				CLANG_ENABLE_MODULES = YES;
				CLANG_ENABLE_OBJC_ARC = YES;
				CLANG_ENABLE_OBJC_WEAK = YES;
				CLANG_WARN_BLOCK_CAPTURE_AUTORELEASING = YES;
				CLANG_WARN_BOOL_CONVERSION = YES;
				CLANG_WARN_COMMA = YES;
				CLANG_WARN_CONSTANT_CONVERSION = YES;
				CLANG_WARN_DEPRECATED_OBJC_IMPLEMENTATIONS = YES;
				CLANG_WARN_DIRECT_OBJC_ISA_USAGE = YES_ERROR;
				CLANG_WARN_DOCUMENTATION_COMMENTS = YES;
				CLANG_WARN_EMPTY_BODY = YES;
				CLANG_WARN_ENUM_CONVERSION = YES;
				CLANG_WARN_INFINITE_RECURSION = YES;
				CLANG_WARN_INT_CONVERSION = YES;
				CLANG_WARN_NON_LITERAL_NULL_CONVERSION = YES;
				CLANG_WARN_OBJC_IMPLICIT_RETAIN_SELF = YES;
				CLANG_WARN_OBJC_LITERAL_CONVERSION = YES;
				CLANG_WARN_OBJC_ROOT_CLASS = YES_ERROR;
				CLANG_WARN_QUOTED_INCLUDE_IN_FRAMEWORK_HEADER = YES;
				CLANG_WARN_RANGE_LOOP_ANALYSIS = YES;
				CLANG_WARN_STRICT_PROTOTYPES = YES;
				CLANG_WARN_SUSPICIOUS_MOVE = YES;
				CLANG_WARN_UNGUARDED_AVAILABILITY = YES_AGGRESSIVE;
				CLANG_WARN_UNREACHABLE_CODE = YES;
				CLANG_WARN__DUPLICATE_METHOD_MATCH = YES;
				COPY_PHASE_STRIP = NO;
				DEBUG_INFORMATION_FORMAT = "dwarf-with-dsym";
				ENABLE_NS_ASSERTIONS = NO;
				ENABLE_STRICT_OBJC_MSGSEND = YES;
				GCC_C_LANGUAGE_STANDARD = gnu11;
				GCC_NO_COMMON_BLOCKS = YES;
				GCC_WARN_64_TO_32_BIT_CONVERSION = YES;
				GCC_WARN_ABOUT_RETURN_TYPE = YES_ERROR;
				GCC_WARN_UNDECLARED_SELECTOR = YES;
				GCC_WARN_UNINITIALIZED_AUTOS = YES_AGGRESSIVE;
				GCC_WARN_UNUSED_FUNCTION = YES;
				GCC_WARN_UNUSED_VARIABLE = YES;
				IPHONEOS_DEPLOYMENT_TARGET = 15.4;
				MTL_ENABLE_DEBUG_INFO = NO;
				MTL_FAST_MATH = YES;
				SDKROOT = iphoneos;
				SWIFT_COMPILATION_MODE = wholemodule;
				SWIFT_OPTIMIZATION_LEVEL = "-O";
				VALIDATE_PRODUCT = YES;
			};
			name = Release;
		};
		E9D012B628BF450100F82EA2 /* Debug */ = {
			isa = XCBuildConfiguration;
			buildSettings = {
				ASSETCATALOG_COMPILER_APPICON_NAME = AppIcon;
				ASSETCATALOG_COMPILER_GLOBAL_ACCENT_COLOR_NAME = AccentColor;
				CODE_SIGN_STYLE = Automatic;
				CURRENT_PROJECT_VERSION = 1;
				DEVELOPMENT_TEAM = NJ5HM974QD;
				GENERATE_INFOPLIST_FILE = YES;
				INFOPLIST_FILE = GeneralCellDesign/Info.plist;
				INFOPLIST_KEY_UIApplicationSupportsIndirectInputEvents = YES;
				INFOPLIST_KEY_UILaunchStoryboardName = LaunchScreen;
				INFOPLIST_KEY_UIMainStoryboardFile = Main;
				INFOPLIST_KEY_UISupportedInterfaceOrientations_iPad = "UIInterfaceOrientationPortrait UIInterfaceOrientationPortraitUpsideDown UIInterfaceOrientationLandscapeLeft UIInterfaceOrientationLandscapeRight";
				INFOPLIST_KEY_UISupportedInterfaceOrientations_iPhone = "UIInterfaceOrientationPortrait UIInterfaceOrientationLandscapeLeft UIInterfaceOrientationLandscapeRight";
				LD_RUNPATH_SEARCH_PATHS = (
					"$(inherited)",
					"@executable_path/Frameworks",
				);
				MARKETING_VERSION = 1.0;
				PRODUCT_BUNDLE_IDENTIFIER = com.GeneralCellDesign;
				PRODUCT_NAME = "$(TARGET_NAME)";
				SWIFT_EMIT_LOC_STRINGS = YES;
				SWIFT_VERSION = 5.0;
				TARGETED_DEVICE_FAMILY = "1,2";
			};
			name = Debug;
		};
		E9D012B728BF450100F82EA2 /* Release */ = {
			isa = XCBuildConfiguration;
			buildSettings = {
				ASSETCATALOG_COMPILER_APPICON_NAME = AppIcon;
				ASSETCATALOG_COMPILER_GLOBAL_ACCENT_COLOR_NAME = AccentColor;
				CODE_SIGN_STYLE = Automatic;
				CURRENT_PROJECT_VERSION = 1;
				DEVELOPMENT_TEAM = NJ5HM974QD;
				GENERATE_INFOPLIST_FILE = YES;
				INFOPLIST_FILE = GeneralCellDesign/Info.plist;
				INFOPLIST_KEY_UIApplicationSupportsIndirectInputEvents = YES;
				INFOPLIST_KEY_UILaunchStoryboardName = LaunchScreen;
				INFOPLIST_KEY_UIMainStoryboardFile = Main;
				INFOPLIST_KEY_UISupportedInterfaceOrientations_iPad = "UIInterfaceOrientationPortrait UIInterfaceOrientationPortraitUpsideDown UIInterfaceOrientationLandscapeLeft UIInterfaceOrientationLandscapeRight";
				INFOPLIST_KEY_UISupportedInterfaceOrientations_iPhone = "UIInterfaceOrientationPortrait UIInterfaceOrientationLandscapeLeft UIInterfaceOrientationLandscapeRight";
				LD_RUNPATH_SEARCH_PATHS = (
					"$(inherited)",
					"@executable_path/Frameworks",
				);
				MARKETING_VERSION = 1.0;
				PRODUCT_BUNDLE_IDENTIFIER = com.GeneralCellDesign;
				PRODUCT_NAME = "$(TARGET_NAME)";
				SWIFT_EMIT_LOC_STRINGS = YES;
				SWIFT_VERSION = 5.0;
				TARGETED_DEVICE_FAMILY = "1,2";
			};
			name = Release;
		};
		E9D012B928BF450100F82EA2 /* Debug */ = {
			isa = XCBuildConfiguration;
			buildSettings = {
				ALWAYS_EMBED_SWIFT_STANDARD_LIBRARIES = YES;
				BUNDLE_LOADER = "$(TEST_HOST)";
				CODE_SIGN_STYLE = Automatic;
				CURRENT_PROJECT_VERSION = 1;
				DEVELOPMENT_TEAM = NJ5HM974QD;
				GENERATE_INFOPLIST_FILE = YES;
				IPHONEOS_DEPLOYMENT_TARGET = 15.4;
				MARKETING_VERSION = 1.0;
				PRODUCT_BUNDLE_IDENTIFIER = com.GeneralCellDesignTests;
				PRODUCT_NAME = "$(TARGET_NAME)";
				SWIFT_EMIT_LOC_STRINGS = NO;
				SWIFT_VERSION = 5.0;
				TARGETED_DEVICE_FAMILY = "1,2";
				TEST_HOST = "$(BUILT_PRODUCTS_DIR)/GeneralCellDesign.app/GeneralCellDesign";
			};
			name = Debug;
		};
		E9D012BA28BF450100F82EA2 /* Release */ = {
			isa = XCBuildConfiguration;
			buildSettings = {
				ALWAYS_EMBED_SWIFT_STANDARD_LIBRARIES = YES;
				BUNDLE_LOADER = "$(TEST_HOST)";
				CODE_SIGN_STYLE = Automatic;
				CURRENT_PROJECT_VERSION = 1;
				DEVELOPMENT_TEAM = NJ5HM974QD;
				GENERATE_INFOPLIST_FILE = YES;
				IPHONEOS_DEPLOYMENT_TARGET = 15.4;
				MARKETING_VERSION = 1.0;
				PRODUCT_BUNDLE_IDENTIFIER = com.GeneralCellDesignTests;
				PRODUCT_NAME = "$(TARGET_NAME)";
				SWIFT_EMIT_LOC_STRINGS = NO;
				SWIFT_VERSION = 5.0;
				TARGETED_DEVICE_FAMILY = "1,2";
				TEST_HOST = "$(BUILT_PRODUCTS_DIR)/GeneralCellDesign.app/GeneralCellDesign";
			};
			name = Release;
		};
		E9D012BC28BF450100F82EA2 /* Debug */ = {
			isa = XCBuildConfiguration;
			buildSettings = {
				ALWAYS_EMBED_SWIFT_STANDARD_LIBRARIES = YES;
				CODE_SIGN_STYLE = Automatic;
				CURRENT_PROJECT_VERSION = 1;
				DEVELOPMENT_TEAM = NJ5HM974QD;
				GENERATE_INFOPLIST_FILE = YES;
				MARKETING_VERSION = 1.0;
				PRODUCT_BUNDLE_IDENTIFIER = com.GeneralCellDesignUITests;
				PRODUCT_NAME = "$(TARGET_NAME)";
				SWIFT_EMIT_LOC_STRINGS = NO;
				SWIFT_VERSION = 5.0;
				TARGETED_DEVICE_FAMILY = "1,2";
				TEST_TARGET_NAME = GeneralCellDesign;
			};
			name = Debug;
		};
		E9D012BD28BF450100F82EA2 /* Release */ = {
			isa = XCBuildConfiguration;
			buildSettings = {
				ALWAYS_EMBED_SWIFT_STANDARD_LIBRARIES = YES;
				CODE_SIGN_STYLE = Automatic;
				CURRENT_PROJECT_VERSION = 1;
				DEVELOPMENT_TEAM = NJ5HM974QD;
				GENERATE_INFOPLIST_FILE = YES;
				MARKETING_VERSION = 1.0;
				PRODUCT_BUNDLE_IDENTIFIER = com.GeneralCellDesignUITests;
				PRODUCT_NAME = "$(TARGET_NAME)";
				SWIFT_EMIT_LOC_STRINGS = NO;
				SWIFT_VERSION = 5.0;
				TARGETED_DEVICE_FAMILY = "1,2";
				TEST_TARGET_NAME = GeneralCellDesign;
			};
			name = Release;
		};
/* End XCBuildConfiguration section */

/* Begin XCConfigurationList section */
		E9D0128628BF44FF00F82EA2 /* Build configuration list for PBXProject "GeneralCellDesign" */ = {
			isa = XCConfigurationList;
			buildConfigurations = (
				E9D012B328BF450100F82EA2 /* Debug */,
				E9D012B428BF450100F82EA2 /* Release */,
			);
			defaultConfigurationIsVisible = 0;
			defaultConfigurationName = Release;
		};
		E9D012B528BF450100F82EA2 /* Build configuration list for PBXNativeTarget "GeneralCellDesign" */ = {
			isa = XCConfigurationList;
			buildConfigurations = (
				E9D012B628BF450100F82EA2 /* Debug */,
				E9D012B728BF450100F82EA2 /* Release */,
			);
			defaultConfigurationIsVisible = 0;
			defaultConfigurationName = Release;
		};
		E9D012B828BF450100F82EA2 /* Build configuration list for PBXNativeTarget "GeneralCellDesignTests" */ = {
			isa = XCConfigurationList;
			buildConfigurations = (
				E9D012B928BF450100F82EA2 /* Debug */,
				E9D012BA28BF450100F82EA2 /* Release */,
			);
			defaultConfigurationIsVisible = 0;
			defaultConfigurationName = Release;
		};
		E9D012BB28BF450100F82EA2 /* Build configuration list for PBXNativeTarget "GeneralCellDesignUITests" */ = {
			isa = XCConfigurationList;
			buildConfigurations = (
				E9D012BC28BF450100F82EA2 /* Debug */,
				E9D012BD28BF450100F82EA2 /* Release */,
			);
			defaultConfigurationIsVisible = 0;
			defaultConfigurationName = Release;
		};
/* End XCConfigurationList section */
	};
	rootObject = E9D0128328BF44FF00F82EA2 /* Project object */;
}
